
Microsoft Visual Studio Solution File, Format Version 12.00
# Visual Studio Version 17
VisualStudioVersion = 17.6.33723.286
MinimumVisualStudioVersion = 10.0.40219.1
Project("{9A19103F-16F7-4668-BE54-9A1E7A4F7556}") = "HelpDesk.UI", "HelpDesk.UI\HelpDesk.UI.csproj", "{200BDBF6-55C3-4519-B871-CBD3ABF62B8E}"
EndProject
Project("{FAE04EC0-301F-11D3-BF4B-00C04F79EFBC}") = "HelpDesk.Common", "HelpDesk.Common\HelpDesk.Common.csproj", "{0B8514BB-F736-4786-A855-CCDACC497C0E}"
EndProject
Global
	GlobalSection(SolutionConfigurationPlatforms) = preSolution
		Debug|Any CPU = Debug|Any CPU
		Release|Any CPU = Release|Any CPU
	EndGlobalSection
	GlobalSection(ProjectConfigurationPlatforms) = postSolution
		{200BDBF6-55C3-4519-B871-CBD3ABF62B8E}.Debug|Any CPU.ActiveCfg = Debug|Any CPU
		{200BDBF6-55C3-4519-B871-CBD3ABF62B8E}.Debug|Any CPU.Build.0 = Debug|Any CPU
		{200BDBF6-55C3-4519-B871-CBD3ABF62B8E}.Release|Any CPU.ActiveCfg = Release|Any CPU
		{200BDBF6-55C3-4519-B871-CBD3ABF62B8E}.Release|Any CPU.Build.0 = Release|Any CPU
		{0B8514BB-F736-4786-A855-CCDACC497C0E}.Debug|Any CPU.ActiveCfg = Debug|Any CPU
		{0B8514BB-F736-4786-A855-CCDACC497C0E}.Debug|Any CPU.Build.0 = Debug|Any CPU
		{0B8514BB-F736-4786-A855-CCDACC497C0E}.Release|Any CPU.ActiveCfg = Release|Any CPU
		{0B8514BB-F736-4786-A855-CCDACC497C0E}.Release|Any CPU.Build.0 = Release|Any CPU
	EndGlobalSection
	GlobalSection(SolutionProperties) = preSolution
		HideSolutionNode = FALSE
	EndGlobalSection
	GlobalSection(ExtensibilityGlobals) = postSolution
		SolutionGuid = {CD60B2EB-29C2-4910-89F2-F49F938B78E1}
	EndGlobalSection
EndGlobal
